
Microsoft Visual Studio Solution File, Format Version 12.00
# Visual Studio Version 17
VisualStudioVersion = 17.1.32210.238
MinimumVisualStudioVersion = 10.0.40219.1
Project("{9A19103F-16F7-4668-BE54-9A1E7A4F7556}") = "backend", "backend\backend.csproj", "{BD094919-F51B-42A4-91BA-725F9426BE90}"
EndProject
Project("{2150E333-8FDC-42A3-9474-1A3956D46DE8}") = "Solution Items", "Solution Items", "{90489425-1301-44C8-88B2-7FFA12A745EC}"
	ProjectSection(SolutionItems) = preProject
		.editorconfig = .editorconfig
	EndProjectSection
EndProject
Global
	GlobalSection(SolutionConfigurationPlatforms) = preSolution
		Debug|Any CPU = Debug|Any CPU
		Release|Any CPU = Release|Any CPU
	EndGlobalSection
	GlobalSection(ProjectConfigurationPlatforms) = postSolution
		{BD094919-F51B-42A4-91BA-725F9426BE90}.Debug|Any CPU.ActiveCfg = Debug|Any CPU
		{BD094919-F51B-42A4-91BA-725F9426BE90}.Debug|Any CPU.Build.0 = Debug|Any CPU
		{BD094919-F51B-42A4-91BA-725F9426BE90}.Release|Any CPU.ActiveCfg = Release|Any CPU
		{BD094919-F51B-42A4-91BA-725F9426BE90}.Release|Any CPU.Build.0 = Release|Any CPU
	EndGlobalSection
	GlobalSection(SolutionProperties) = preSolution
		HideSolutionNode = FALSE
	EndGlobalSection
	GlobalSection(ExtensibilityGlobals) = postSolution
		SolutionGuid = {3C9FE6A3-5640-4CB8-9BD7-515046B0A873}
	EndGlobalSection
EndGlobal
